// !$*UTF8*$!
{
	archiveVersion = 1;
	classes = {
	};
	objectVersion = 56;
	objects = {

/* Begin PBXBuildFile section */
		794A5908292423AE001A76EB /* ProfileTableViewCell.swift in Sources */ = {isa = PBXBuildFile; fileRef = 794A5907292423AE001A76EB /* ProfileTableViewCell.swift */; };
		794A590A29243F5D001A76EB /* ArtCollectionViewCell.swift in Sources */ = {isa = PBXBuildFile; fileRef = 794A590929243F5D001A76EB /* ArtCollectionViewCell.swift */; };
		79630EF42926AE2E005A7DEF /* OnboardingViewController.swift in Sources */ = {isa = PBXBuildFile; fileRef = 79630EF32926AE2E005A7DEF /* OnboardingViewController.swift */; };
		79630EF62926E782005A7DEF /* StatsTableViewCell.swift in Sources */ = {isa = PBXBuildFile; fileRef = 79630EF52926E782005A7DEF /* StatsTableViewCell.swift */; };
		79630EF82926E798005A7DEF /* CartTableViewCell.swift in Sources */ = {isa = PBXBuildFile; fileRef = 79630EF72926E798005A7DEF /* CartTableViewCell.swift */; };
		7964803029211FF6007880AB /* AppDelegate.swift in Sources */ = {isa = PBXBuildFile; fileRef = 7964802F29211FF6007880AB /* AppDelegate.swift */; };
		7964803229211FF6007880AB /* SceneDelegate.swift in Sources */ = {isa = PBXBuildFile; fileRef = 7964803129211FF6007880AB /* SceneDelegate.swift */; };
		7964803429211FF6007880AB /* MainTabBarViewController.swift in Sources */ = {isa = PBXBuildFile; fileRef = 7964803329211FF6007880AB /* MainTabBarViewController.swift */; };
		7964803929211FF7007880AB /* Assets.xcassets in Resources */ = {isa = PBXBuildFile; fileRef = 7964803829211FF7007880AB /* Assets.xcassets */; };
		7964803C29211FF7007880AB /* LaunchScreen.storyboard in Resources */ = {isa = PBXBuildFile; fileRef = 7964803A29211FF7007880AB /* LaunchScreen.storyboard */; };
		7964804A2921664A007880AB /* HomeViewController.swift in Sources */ = {isa = PBXBuildFile; fileRef = 796480492921664A007880AB /* HomeViewController.swift */; };
		796F0A57292977A0002E2DF5 /* ArtDetailsViewController.swift in Sources */ = {isa = PBXBuildFile; fileRef = 796F0A56292977A0002E2DF5 /* ArtDetailsViewController.swift */; };
		796F0A592929786E002E2DF5 /* ArtDetailsTableViewCell.swift in Sources */ = {isa = PBXBuildFile; fileRef = 796F0A582929786E002E2DF5 /* ArtDetailsTableViewCell.swift */; };
		7997A6702921AE2E0019374D /* CollectionTableViewCell.swift in Sources */ = {isa = PBXBuildFile; fileRef = 7997A66F2921AE2E0019374D /* CollectionTableViewCell.swift */; };
		7997A6722921C0EB0019374D /* HeroHeaderUIView.swift in Sources */ = {isa = PBXBuildFile; fileRef = 7997A6712921C0EA0019374D /* HeroHeaderUIView.swift */; };
		799FA3FB2922C8BF000BBFB1 /* ProfileViewController.swift in Sources */ = {isa = PBXBuildFile; fileRef = 799FA3FA2922C8BF000BBFB1 /* ProfileViewController.swift */; };
		799FA3FD2922C979000BBFB1 /* CartViewController.swift in Sources */ = {isa = PBXBuildFile; fileRef = 799FA3FC2922C979000BBFB1 /* CartViewController.swift */; };
		799FA3FF2922C9B7000BBFB1 /* SearchViewController.swift in Sources */ = {isa = PBXBuildFile; fileRef = 799FA3FE2922C9B7000BBFB1 /* SearchViewController.swift */; };
		799FA4012922DE3E000BBFB1 /* ProfileTableViewHeader.swift in Sources */ = {isa = PBXBuildFile; fileRef = 799FA4002922DE3E000BBFB1 /* ProfileTableViewHeader.swift */; };
		79CA77D62925684200B5DCE0 /* StatsViewController.swift in Sources */ = {isa = PBXBuildFile; fileRef = 79CA77D52925684100B5DCE0 /* StatsViewController.swift */; };
		79CA77DA29256E1900B5DCE0 /* ProfileCollectionTableViewCell.swift in Sources */ = {isa = PBXBuildFile; fileRef = 79CA77D929256E1900B5DCE0 /* ProfileCollectionTableViewCell.swift */; };
		79CA77DD2925B38800B5DCE0 /* LoginViewController.swift in Sources */ = {isa = PBXBuildFile; fileRef = 79CA77DC2925B38800B5DCE0 /* LoginViewController.swift */; };
		79CA77DF2925B3A200B5DCE0 /* RegisterViewController.swift in Sources */ = {isa = PBXBuildFile; fileRef = 79CA77DE2925B3A200B5DCE0 /* RegisterViewController.swift */; };
/* End PBXBuildFile section */

/* Begin PBXFileReference section */
		794A5907292423AE001A76EB /* ProfileTableViewCell.swift */ = {isa = PBXFileReference; lastKnownFileType = sourcecode.swift; path = ProfileTableViewCell.swift; sourceTree = "<group>"; };
		794A590929243F5D001A76EB /* ArtCollectionViewCell.swift */ = {isa = PBXFileReference; lastKnownFileType = sourcecode.swift; path = ArtCollectionViewCell.swift; sourceTree = "<group>"; };
		79630EF32926AE2E005A7DEF /* OnboardingViewController.swift */ = {isa = PBXFileReference; lastKnownFileType = sourcecode.swift; path = OnboardingViewController.swift; sourceTree = "<group>"; };
		79630EF52926E782005A7DEF /* StatsTableViewCell.swift */ = {isa = PBXFileReference; lastKnownFileType = sourcecode.swift; path = StatsTableViewCell.swift; sourceTree = "<group>"; };
		79630EF72926E798005A7DEF /* CartTableViewCell.swift */ = {isa = PBXFileReference; lastKnownFileType = sourcecode.swift; path = CartTableViewCell.swift; sourceTree = "<group>"; };
		7964802C29211FF6007880AB /* Digital Arts Workshop.app */ = {isa = PBXFileReference; explicitFileType = wrapper.application; includeInIndex = 0; path = "Digital Arts Workshop.app"; sourceTree = BUILT_PRODUCTS_DIR; };
		7964802F29211FF6007880AB /* AppDelegate.swift */ = {isa = PBXFileReference; lastKnownFileType = sourcecode.swift; path = AppDelegate.swift; sourceTree = "<group>"; };
		7964803129211FF6007880AB /* SceneDelegate.swift */ = {isa = PBXFileReference; lastKnownFileType = sourcecode.swift; path = SceneDelegate.swift; sourceTree = "<group>"; };
		7964803329211FF6007880AB /* MainTabBarViewController.swift */ = {isa = PBXFileReference; lastKnownFileType = sourcecode.swift; path = MainTabBarViewController.swift; sourceTree = "<group>"; };
		7964803829211FF7007880AB /* Assets.xcassets */ = {isa = PBXFileReference; lastKnownFileType = folder.assetcatalog; path = Assets.xcassets; sourceTree = "<group>"; };
		7964803B29211FF7007880AB /* Base */ = {isa = PBXFileReference; lastKnownFileType = file.storyboard; name = Base; path = Base.lproj/LaunchScreen.storyboard; sourceTree = "<group>"; };
		7964803D29211FF7007880AB /* Info.plist */ = {isa = PBXFileReference; lastKnownFileType = text.plist.xml; path = Info.plist; sourceTree = "<group>"; };
		796480492921664A007880AB /* HomeViewController.swift */ = {isa = PBXFileReference; lastKnownFileType = sourcecode.swift; path = HomeViewController.swift; sourceTree = "<group>"; };
		796F0A56292977A0002E2DF5 /* ArtDetailsViewController.swift */ = {isa = PBXFileReference; lastKnownFileType = sourcecode.swift; path = ArtDetailsViewController.swift; sourceTree = "<group>"; };
		796F0A582929786E002E2DF5 /* ArtDetailsTableViewCell.swift */ = {isa = PBXFileReference; lastKnownFileType = sourcecode.swift; path = ArtDetailsTableViewCell.swift; sourceTree = "<group>"; };
		7997A66F2921AE2E0019374D /* CollectionTableViewCell.swift */ = {isa = PBXFileReference; lastKnownFileType = sourcecode.swift; path = CollectionTableViewCell.swift; sourceTree = "<group>"; };
		7997A6712921C0EA0019374D /* HeroHeaderUIView.swift */ = {isa = PBXFileReference; lastKnownFileType = sourcecode.swift; path = HeroHeaderUIView.swift; sourceTree = "<group>"; };
		799FA3FA2922C8BF000BBFB1 /* ProfileViewController.swift */ = {isa = PBXFileReference; lastKnownFileType = sourcecode.swift; path = ProfileViewController.swift; sourceTree = "<group>"; };
		799FA3FC2922C979000BBFB1 /* CartViewController.swift */ = {isa = PBXFileReference; lastKnownFileType = sourcecode.swift; path = CartViewController.swift; sourceTree = "<group>"; };
		799FA3FE2922C9B7000BBFB1 /* SearchViewController.swift */ = {isa = PBXFileReference; lastKnownFileType = sourcecode.swift; path = SearchViewController.swift; sourceTree = "<group>"; };
		799FA4002922DE3E000BBFB1 /* ProfileTableViewHeader.swift */ = {isa = PBXFileReference; lastKnownFileType = sourcecode.swift; path = ProfileTableViewHeader.swift; sourceTree = "<group>"; };
		79CA77D52925684100B5DCE0 /* StatsViewController.swift */ = {isa = PBXFileReference; lastKnownFileType = sourcecode.swift; path = StatsViewController.swift; sourceTree = "<group>"; };
		79CA77D929256E1900B5DCE0 /* ProfileCollectionTableViewCell.swift */ = {isa = PBXFileReference; lastKnownFileType = sourcecode.swift; path = ProfileCollectionTableViewCell.swift; sourceTree = "<group>"; };
		79CA77DC2925B38800B5DCE0 /* LoginViewController.swift */ = {isa = PBXFileReference; lastKnownFileType = sourcecode.swift; path = LoginViewController.swift; sourceTree = "<group>"; };
		79CA77DE2925B3A200B5DCE0 /* RegisterViewController.swift */ = {isa = PBXFileReference; lastKnownFileType = sourcecode.swift; path = RegisterViewController.swift; sourceTree = "<group>"; };
/* End PBXFileReference section */

/* Begin PBXFrameworksBuildPhase section */
		7964802929211FF6007880AB /* Frameworks */ = {
			isa = PBXFrameworksBuildPhase;
			buildActionMask = 2147483647;
			files = (
			);
			runOnlyForDeploymentPostprocessing = 0;
		};
/* End PBXFrameworksBuildPhase section */

/* Begin PBXGroup section */
		7964802329211FF6007880AB = {
			isa = PBXGroup;
			children = (
				7964802E29211FF6007880AB /* Digital Arts Workshop */,
				7964802D29211FF6007880AB /* Products */,
			);
			sourceTree = "<group>";
		};
		7964802D29211FF6007880AB /* Products */ = {
			isa = PBXGroup;
			children = (
				7964802C29211FF6007880AB /* Digital Arts Workshop.app */,
			);
			name = Products;
			sourceTree = "<group>";
		};
		7964802E29211FF6007880AB /* Digital Arts Workshop */ = {
			isa = PBXGroup;
			children = (
				79648045292163FC007880AB /* Views */,
				79648044292163E6007880AB /* ViewModels */,
				79648043292163D5007880AB /* Models */,
				7964804629216428007880AB /* Controllers */,
				7964802F29211FF6007880AB /* AppDelegate.swift */,
				7964803129211FF6007880AB /* SceneDelegate.swift */,
				7964803829211FF7007880AB /* Assets.xcassets */,
				7964803A29211FF7007880AB /* LaunchScreen.storyboard */,
				7964803D29211FF7007880AB /* Info.plist */,
			);
			path = "Digital Arts Workshop";
			sourceTree = "<group>";
		};
		79648043292163D5007880AB /* Models */ = {
			isa = PBXGroup;
			children = (
			);
			path = Models;
			sourceTree = "<group>";
		};
		79648044292163E6007880AB /* ViewModels */ = {
			isa = PBXGroup;
			children = (
			);
			path = ViewModels;
			sourceTree = "<group>";
		};
		79648045292163FC007880AB /* Views */ = {
			isa = PBXGroup;
			children = (
				7997A66F2921AE2E0019374D /* CollectionTableViewCell.swift */,
				7997A6712921C0EA0019374D /* HeroHeaderUIView.swift */,
				799FA4002922DE3E000BBFB1 /* ProfileTableViewHeader.swift */,
				794A5907292423AE001A76EB /* ProfileTableViewCell.swift */,
				794A590929243F5D001A76EB /* ArtCollectionViewCell.swift */,
				79CA77D929256E1900B5DCE0 /* ProfileCollectionTableViewCell.swift */,
				79630EF52926E782005A7DEF /* StatsTableViewCell.swift */,
				79630EF72926E798005A7DEF /* CartTableViewCell.swift */,
				796F0A582929786E002E2DF5 /* ArtDetailsTableViewCell.swift */,
			);
			path = Views;
			sourceTree = "<group>";
		};
		7964804629216428007880AB /* Controllers */ = {
			isa = PBXGroup;
			children = (
				79CA77DB2925B35400B5DCE0 /* Onboarding */,
				79648048292164ED007880AB /* Core */,
				79648047292164DF007880AB /* General */,
			);
			path = Controllers;
			sourceTree = "<group>";
		};
		79648047292164DF007880AB /* General */ = {
			isa = PBXGroup;
			children = (
				799FA3FA2922C8BF000BBFB1 /* ProfileViewController.swift */,
				796F0A56292977A0002E2DF5 /* ArtDetailsViewController.swift */,
			);
			path = General;
			sourceTree = "<group>";
		};
		79648048292164ED007880AB /* Core */ = {
			isa = PBXGroup;
			children = (
				7964803329211FF6007880AB /* MainTabBarViewController.swift */,
				796480492921664A007880AB /* HomeViewController.swift */,
				79CA77D52925684100B5DCE0 /* StatsViewController.swift */,
				799FA3FE2922C9B7000BBFB1 /* SearchViewController.swift */,
				799FA3FC2922C979000BBFB1 /* CartViewController.swift */,
			);
			path = Core;
			sourceTree = "<group>";
		};
		79CA77DB2925B35400B5DCE0 /* Onboarding */ = {
			isa = PBXGroup;
			children = (
				79630EF32926AE2E005A7DEF /* OnboardingViewController.swift */,
				79CA77DE2925B3A200B5DCE0 /* RegisterViewController.swift */,
				79CA77DC2925B38800B5DCE0 /* LoginViewController.swift */,
			);
			path = Onboarding;
			sourceTree = "<group>";
		};
/* End PBXGroup section */

/* Begin PBXNativeTarget section */
		7964802B29211FF6007880AB /* Digital Arts Workshop */ = {
			isa = PBXNativeTarget;
			buildConfigurationList = 7964804029211FF7007880AB /* Build configuration list for PBXNativeTarget "Digital Arts Workshop" */;
			buildPhases = (
				7964802829211FF6007880AB /* Sources */,
				7964802929211FF6007880AB /* Frameworks */,
				7964802A29211FF6007880AB /* Resources */,
			);
			buildRules = (
			);
			dependencies = (
			);
			name = "Digital Arts Workshop";
			productName = "Digital Arts Workshop";
			productReference = 7964802C29211FF6007880AB /* Digital Arts Workshop.app */;
			productType = "com.apple.product-type.application";
		};
/* End PBXNativeTarget section */

/* Begin PBXProject section */
		7964802429211FF6007880AB /* Project object */ = {
			isa = PBXProject;
			attributes = {
				BuildIndependentTargetsInParallel = 1;
				LastSwiftUpdateCheck = 1410;
				LastUpgradeCheck = 1410;
				TargetAttributes = {
					7964802B29211FF6007880AB = {
						CreatedOnToolsVersion = 14.1;
					};
				};
			};
			buildConfigurationList = 7964802729211FF6007880AB /* Build configuration list for PBXProject "Digital Arts Workshop" */;
			compatibilityVersion = "Xcode 14.0";
			developmentRegion = en;
			hasScannedForEncodings = 0;
			knownRegions = (
				en,
				Base,
			);
			mainGroup = 7964802329211FF6007880AB;
			productRefGroup = 7964802D29211FF6007880AB /* Products */;
			projectDirPath = "";
			projectRoot = "";
			targets = (
				7964802B29211FF6007880AB /* Digital Arts Workshop */,
			);
		};
/* End PBXProject section */

/* Begin PBXResourcesBuildPhase section */
		7964802A29211FF6007880AB /* Resources */ = {
			isa = PBXResourcesBuildPhase;
			buildActionMask = 2147483647;
			files = (
				7964803C29211FF7007880AB /* LaunchScreen.storyboard in Resources */,
				7964803929211FF7007880AB /* Assets.xcassets in Resources */,
			);
			runOnlyForDeploymentPostprocessing = 0;
		};
/* End PBXResourcesBuildPhase section */

/* Begin PBXSourcesBuildPhase section */
		7964802829211FF6007880AB /* Sources */ = {
			isa = PBXSourcesBuildPhase;
			buildActionMask = 2147483647;
			files = (
				796F0A592929786E002E2DF5 /* ArtDetailsTableViewCell.swift in Sources */,
				7997A6702921AE2E0019374D /* CollectionTableViewCell.swift in Sources */,
				796F0A57292977A0002E2DF5 /* ArtDetailsViewController.swift in Sources */,
				7964803429211FF6007880AB /* MainTabBarViewController.swift in Sources */,
				7964803029211FF6007880AB /* AppDelegate.swift in Sources */,
				79630EF42926AE2E005A7DEF /* OnboardingViewController.swift in Sources */,
				79CA77DD2925B38800B5DCE0 /* LoginViewController.swift in Sources */,
				794A5908292423AE001A76EB /* ProfileTableViewCell.swift in Sources */,
				799FA3FF2922C9B7000BBFB1 /* SearchViewController.swift in Sources */,
				79630EF62926E782005A7DEF /* StatsTableViewCell.swift in Sources */,
				7997A6722921C0EB0019374D /* HeroHeaderUIView.swift in Sources */,
				799FA3FD2922C979000BBFB1 /* CartViewController.swift in Sources */,
				799FA3FB2922C8BF000BBFB1 /* ProfileViewController.swift in Sources */,
				79CA77D62925684200B5DCE0 /* StatsViewController.swift in Sources */,
				799FA4012922DE3E000BBFB1 /* ProfileTableViewHeader.swift in Sources */,
				79630EF82926E798005A7DEF /* CartTableViewCell.swift in Sources */,
				79CA77DF2925B3A200B5DCE0 /* RegisterViewController.swift in Sources */,
				7964803229211FF6007880AB /* SceneDelegate.swift in Sources */,
				79CA77DA29256E1900B5DCE0 /* ProfileCollectionTableViewCell.swift in Sources */,
				794A590A29243F5D001A76EB /* ArtCollectionViewCell.swift in Sources */,
				7964804A2921664A007880AB /* HomeViewController.swift in Sources */,
			);
			runOnlyForDeploymentPostprocessing = 0;
		};
/* End PBXSourcesBuildPhase section */

/* Begin PBXVariantGroup section */
		7964803A29211FF7007880AB /* LaunchScreen.storyboard */ = {
			isa = PBXVariantGroup;
			children = (
				7964803B29211FF7007880AB /* Base */,
			);
			name = LaunchScreen.storyboard;
			sourceTree = "<group>";
		};
/* End PBXVariantGroup section */

/* Begin XCBuildConfiguration section */
		7964803E29211FF7007880AB /* Debug */ = {
			isa = XCBuildConfiguration;
			buildSettings = {
				ALWAYS_SEARCH_USER_PATHS = NO;
				CLANG_ANALYZER_NONNULL = YES;
				CLANG_ANALYZER_NUMBER_OBJECT_CONVERSION = YES_AGGRESSIVE;
				CLANG_CXX_LANGUAGE_STANDARD = "gnu++20";
				CLANG_ENABLE_MODULES = YES;
				CLANG_ENABLE_OBJC_ARC = YES;
				CLANG_ENABLE_OBJC_WEAK = YES;
				CLANG_WARN_BLOCK_CAPTURE_AUTORELEASING = YES;
				CLANG_WARN_BOOL_CONVERSION = YES;
				CLANG_WARN_COMMA = YES;
				CLANG_WARN_CONSTANT_CONVERSION = YES;
				CLANG_WARN_DEPRECATED_OBJC_IMPLEMENTATIONS = YES;
				CLANG_WARN_DIRECT_OBJC_ISA_USAGE = YES_ERROR;
				CLANG_WARN_DOCUMENTATION_COMMENTS = YES;
				CLANG_WARN_EMPTY_BODY = YES;
				CLANG_WARN_ENUM_CONVERSION = YES;
				CLANG_WARN_INFINITE_RECURSION = YES;
				CLANG_WARN_INT_CONVERSION = YES;
				CLANG_WARN_NON_LITERAL_NULL_CONVERSION = YES;
				CLANG_WARN_OBJC_IMPLICIT_RETAIN_SELF = YES;
				CLANG_WARN_OBJC_LITERAL_CONVERSION = YES;
				CLANG_WARN_OBJC_ROOT_CLASS = YES_ERROR;
				CLANG_WARN_QUOTED_INCLUDE_IN_FRAMEWORK_HEADER = YES;
				CLANG_WARN_RANGE_LOOP_ANALYSIS = YES;
				CLANG_WARN_STRICT_PROTOTYPES = YES;
				CLANG_WARN_SUSPICIOUS_MOVE = YES;
				CLANG_WARN_UNGUARDED_AVAILABILITY = YES_AGGRESSIVE;
				CLANG_WARN_UNREACHABLE_CODE = YES;
				CLANG_WARN__DUPLICATE_METHOD_MATCH = YES;
				COPY_PHASE_STRIP = NO;
				DEBUG_INFORMATION_FORMAT = dwarf;
				ENABLE_STRICT_OBJC_MSGSEND = YES;
				ENABLE_TESTABILITY = YES;
				GCC_C_LANGUAGE_STANDARD = gnu11;
				GCC_DYNAMIC_NO_PIC = NO;
				GCC_NO_COMMON_BLOCKS = YES;
				GCC_OPTIMIZATION_LEVEL = 0;
				GCC_PREPROCESSOR_DEFINITIONS = (
					"DEBUG=1",
					"$(inherited)",
				);
				GCC_WARN_64_TO_32_BIT_CONVERSION = YES;
				GCC_WARN_ABOUT_RETURN_TYPE = YES_ERROR;
				GCC_WARN_UNDECLARED_SELECTOR = YES;
				GCC_WARN_UNINITIALIZED_AUTOS = YES_AGGRESSIVE;
				GCC_WARN_UNUSED_FUNCTION = YES;
				GCC_WARN_UNUSED_VARIABLE = YES;
				IPHONEOS_DEPLOYMENT_TARGET = 16.1;
				MTL_ENABLE_DEBUG_INFO = INCLUDE_SOURCE;
				MTL_FAST_MATH = YES;
				ONLY_ACTIVE_ARCH = YES;
				SDKROOT = iphoneos;
				SWIFT_ACTIVE_COMPILATION_CONDITIONS = DEBUG;
				SWIFT_OPTIMIZATION_LEVEL = "-Onone";
			};
			name = Debug;
		};
		7964803F29211FF7007880AB /* Release */ = {
			isa = XCBuildConfiguration;
			buildSettings = {
				ALWAYS_SEARCH_USER_PATHS = NO;
				CLANG_ANALYZER_NONNULL = YES;
				CLANG_ANALYZER_NUMBER_OBJECT_CONVERSION = YES_AGGRESSIVE;
				CLANG_CXX_LANGUAGE_STANDARD = "gnu++20";
				CLANG_ENABLE_MODULES = YES;
				CLANG_ENABLE_OBJC_ARC = YES;
				CLANG_ENABLE_OBJC_WEAK = YES;
				CLANG_WARN_BLOCK_CAPTURE_AUTORELEASING = YES;
				CLANG_WARN_BOOL_CONVERSION = YES;
				CLANG_WARN_COMMA = YES;
				CLANG_WARN_CONSTANT_CONVERSION = YES;
				CLANG_WARN_DEPRECATED_OBJC_IMPLEMENTATIONS = YES;
				CLANG_WARN_DIRECT_OBJC_ISA_USAGE = YES_ERROR;
				CLANG_WARN_DOCUMENTATION_COMMENTS = YES;
				CLANG_WARN_EMPTY_BODY = YES;
				CLANG_WARN_ENUM_CONVERSION = YES;
				CLANG_WARN_INFINITE_RECURSION = YES;
				CLANG_WARN_INT_CONVERSION = YES;
				CLANG_WARN_NON_LITERAL_NULL_CONVERSION = YES;
				CLANG_WARN_OBJC_IMPLICIT_RETAIN_SELF = YES;
				CLANG_WARN_OBJC_LITERAL_CONVERSION = YES;
				CLANG_WARN_OBJC_ROOT_CLASS = YES_ERROR;
				CLANG_WARN_QUOTED_INCLUDE_IN_FRAMEWORK_HEADER = YES;
				CLANG_WARN_RANGE_LOOP_ANALYSIS = YES;
				CLANG_WARN_STRICT_PROTOTYPES = YES;
				CLANG_WARN_SUSPICIOUS_MOVE = YES;
				CLANG_WARN_UNGUARDED_AVAILABILITY = YES_AGGRESSIVE;
				CLANG_WARN_UNREACHABLE_CODE = YES;
				CLANG_WARN__DUPLICATE_METHOD_MATCH = YES;
				COPY_PHASE_STRIP = NO;
				DEBUG_INFORMATION_FORMAT = "dwarf-with-dsym";
				ENABLE_NS_ASSERTIONS = NO;
				ENABLE_STRICT_OBJC_MSGSEND = YES;
				GCC_C_LANGUAGE_STANDARD = gnu11;
				GCC_NO_COMMON_BLOCKS = YES;
				GCC_WARN_64_TO_32_BIT_CONVERSION = YES;
				GCC_WARN_ABOUT_RETURN_TYPE = YES_ERROR;
				GCC_WARN_UNDECLARED_SELECTOR = YES;
				GCC_WARN_UNINITIALIZED_AUTOS = YES_AGGRESSIVE;
				GCC_WARN_UNUSED_FUNCTION = YES;
				GCC_WARN_UNUSED_VARIABLE = YES;
				IPHONEOS_DEPLOYMENT_TARGET = 16.1;
				MTL_ENABLE_DEBUG_INFO = NO;
				MTL_FAST_MATH = YES;
				SDKROOT = iphoneos;
				SWIFT_COMPILATION_MODE = wholemodule;
				SWIFT_OPTIMIZATION_LEVEL = "-O";
				VALIDATE_PRODUCT = YES;
			};
			name = Release;
		};
		7964804129211FF7007880AB /* Debug */ = {
			isa = XCBuildConfiguration;
			buildSettings = {
				ASSETCATALOG_COMPILER_APPICON_NAME = AppIcon;
				ASSETCATALOG_COMPILER_GLOBAL_ACCENT_COLOR_NAME = AccentColor;
				CODE_SIGN_STYLE = Automatic;
				CURRENT_PROJECT_VERSION = 1;
				DEVELOPMENT_TEAM = 4229C9PJKQ;
				GENERATE_INFOPLIST_FILE = YES;
				INFOPLIST_FILE = "Digital Arts Workshop/Info.plist";
				INFOPLIST_KEY_UIApplicationSupportsIndirectInputEvents = YES;
				INFOPLIST_KEY_UILaunchStoryboardName = LaunchScreen;
				INFOPLIST_KEY_UISupportedInterfaceOrientations_iPad = "UIInterfaceOrientationPortrait UIInterfaceOrientationPortraitUpsideDown UIInterfaceOrientationLandscapeLeft UIInterfaceOrientationLandscapeRight";
				INFOPLIST_KEY_UISupportedInterfaceOrientations_iPhone = "UIInterfaceOrientationPortrait UIInterfaceOrientationLandscapeLeft UIInterfaceOrientationLandscapeRight";
				LD_RUNPATH_SEARCH_PATHS = (
					"$(inherited)",
					"@executable_path/Frameworks",
				);
				MARKETING_VERSION = 1.0;
				PRODUCT_BUNDLE_IDENTIFIER = "emer88.Digital-Arts-Workshop";
				PRODUCT_NAME = "$(TARGET_NAME)";
				SWIFT_EMIT_LOC_STRINGS = YES;
				SWIFT_VERSION = 5.0;
				TARGETED_DEVICE_FAMILY = "1,2";
			};
			name = Debug;
		};
		7964804229211FF7007880AB /* Release */ = {
			isa = XCBuildConfiguration;
			buildSettings = {
				ASSETCATALOG_COMPILER_APPICON_NAME = AppIcon;
				ASSETCATALOG_COMPILER_GLOBAL_ACCENT_COLOR_NAME = AccentColor;
				CODE_SIGN_STYLE = Automatic;
				CURRENT_PROJECT_VERSION = 1;
				DEVELOPMENT_TEAM = 4229C9PJKQ;
				GENERATE_INFOPLIST_FILE = YES;
				INFOPLIST_FILE = "Digital Arts Workshop/Info.plist";
				INFOPLIST_KEY_UIApplicationSupportsIndirectInputEvents = YES;
				INFOPLIST_KEY_UILaunchStoryboardName = LaunchScreen;
				INFOPLIST_KEY_UISupportedInterfaceOrientations_iPad = "UIInterfaceOrientationPortrait UIInterfaceOrientationPortraitUpsideDown UIInterfaceOrientationLandscapeLeft UIInterfaceOrientationLandscapeRight";
				INFOPLIST_KEY_UISupportedInterfaceOrientations_iPhone = "UIInterfaceOrientationPortrait UIInterfaceOrientationLandscapeLeft UIInterfaceOrientationLandscapeRight";
				LD_RUNPATH_SEARCH_PATHS = (
					"$(inherited)",
					"@executable_path/Frameworks",
				);
				MARKETING_VERSION = 1.0;
				PRODUCT_BUNDLE_IDENTIFIER = "emer88.Digital-Arts-Workshop";
				PRODUCT_NAME = "$(TARGET_NAME)";
				SWIFT_EMIT_LOC_STRINGS = YES;
				SWIFT_VERSION = 5.0;
				TARGETED_DEVICE_FAMILY = "1,2";
			};
			name = Release;
		};
/* End XCBuildConfiguration section */

/* Begin XCConfigurationList section */
		7964802729211FF6007880AB /* Build configuration list for PBXProject "Digital Arts Workshop" */ = {
			isa = XCConfigurationList;
			buildConfigurations = (
				7964803E29211FF7007880AB /* Debug */,
				7964803F29211FF7007880AB /* Release */,
			);
			defaultConfigurationIsVisible = 0;
			defaultConfigurationName = Release;
		};
		7964804029211FF7007880AB /* Build configuration list for PBXNativeTarget "Digital Arts Workshop" */ = {
			isa = XCConfigurationList;
			buildConfigurations = (
				7964804129211FF7007880AB /* Debug */,
				7964804229211FF7007880AB /* Release */,
			);
			defaultConfigurationIsVisible = 0;
			defaultConfigurationName = Release;
		};
/* End XCConfigurationList section */
	};
	rootObject = 7964802429211FF6007880AB /* Project object */;
}
